
Microsoft Visual Studio Solution File, Format Version 12.00
# Visual Studio Version 16
VisualStudioVersion = 16.0.32802.440
MinimumVisualStudioVersion = 10.0.40219.1
Project("{9A19103F-16F7-4668-BE54-9A1E7A4F7556}") = "First Steps In Coding - Exercise", "First Steps In Coding - Exercise\First Steps In Coding - Exercise.csproj", "{50458819-B239-4E77-88BA-C6F1F58197EF}"
EndProject
Project("{FAE04EC0-301F-11D3-BF4B-00C04F79EFBC}") = "USD to BGN", "USD to BGN\USD to BGN.csproj", "{0CF4F0CD-7179-4989-8F92-9B6A3303D007}"
EndProject
Global
	GlobalSection(SolutionConfigurationPlatforms) = preSolution
		Debug|Any CPU = Debug|Any CPU
		Release|Any CPU = Release|Any CPU
	EndGlobalSection
	GlobalSection(ProjectConfigurationPlatforms) = postSolution
		{50458819-B239-4E77-88BA-C6F1F58197EF}.Debug|Any CPU.ActiveCfg = Debug|Any CPU
		{50458819-B239-4E77-88BA-C6F1F58197EF}.Debug|Any CPU.Build.0 = Debug|Any CPU
		{50458819-B239-4E77-88BA-C6F1F58197EF}.Release|Any CPU.ActiveCfg = Release|Any CPU
		{50458819-B239-4E77-88BA-C6F1F58197EF}.Release|Any CPU.Build.0 = Release|Any CPU
		{0CF4F0CD-7179-4989-8F92-9B6A3303D007}.Debug|Any CPU.ActiveCfg = Debug|Any CPU
		{0CF4F0CD-7179-4989-8F92-9B6A3303D007}.Debug|Any CPU.Build.0 = Debug|Any CPU
		{0CF4F0CD-7179-4989-8F92-9B6A3303D007}.Release|Any CPU.ActiveCfg = Release|Any CPU
		{0CF4F0CD-7179-4989-8F92-9B6A3303D007}.Release|Any CPU.Build.0 = Release|Any CPU
	EndGlobalSection
	GlobalSection(SolutionProperties) = preSolution
		HideSolutionNode = FALSE
	EndGlobalSection
	GlobalSection(ExtensibilityGlobals) = postSolution
		SolutionGuid = {8CB174FC-BA2C-41FE-A8E6-EBB005D66B7E}
	EndGlobalSection
EndGlobal
